
Microsoft Visual Studio Solution File, Format Version 12.00
# Visual Studio Version 17
VisualStudioVersion = 17.8.34316.72
MinimumVisualStudioVersion = 10.0.40219.1
Project("{FAE04EC0-301F-11D3-BF4B-00C04F79EFBC}") = "Bowling", "Bowling\Bowling.csproj", "{FB3025F6-3C59-40B4-86B9-ED326C5C01EC}"
EndProject
Project("{FAE04EC0-301F-11D3-BF4B-00C04F79EFBC}") = "Test", "Test\Test.csproj", "{B6F7E6C1-F316-4AD6-9035-0CD955CADD0F}"
EndProject
Global
	GlobalSection(SolutionConfigurationPlatforms) = preSolution
		Debug|Any CPU = Debug|Any CPU
		Release|Any CPU = Release|Any CPU
	EndGlobalSection
	GlobalSection(ProjectConfigurationPlatforms) = postSolution
		{FB3025F6-3C59-40B4-86B9-ED326C5C01EC}.Debug|Any CPU.ActiveCfg = Debug|Any CPU
		{FB3025F6-3C59-40B4-86B9-ED326C5C01EC}.Debug|Any CPU.Build.0 = Debug|Any CPU
		{FB3025F6-3C59-40B4-86B9-ED326C5C01EC}.Release|Any CPU.ActiveCfg = Release|Any CPU
		{FB3025F6-3C59-40B4-86B9-ED326C5C01EC}.Release|Any CPU.Build.0 = Release|Any CPU
		{B6F7E6C1-F316-4AD6-9035-0CD955CADD0F}.Debug|Any CPU.ActiveCfg = Debug|Any CPU
		{B6F7E6C1-F316-4AD6-9035-0CD955CADD0F}.Debug|Any CPU.Build.0 = Debug|Any CPU
		{B6F7E6C1-F316-4AD6-9035-0CD955CADD0F}.Release|Any CPU.ActiveCfg = Release|Any CPU
		{B6F7E6C1-F316-4AD6-9035-0CD955CADD0F}.Release|Any CPU.Build.0 = Release|Any CPU
	EndGlobalSection
	GlobalSection(SolutionProperties) = preSolution
		HideSolutionNode = FALSE
	EndGlobalSection
	GlobalSection(ExtensibilityGlobals) = postSolution
		SolutionGuid = {2E36EB7E-C289-4096-8947-413DF6F2DB85}
	EndGlobalSection
EndGlobal
